Microsoft Visual Studio Solution File, Format Version 12.00
# Visual Studio Version 17
VisualStudioVersion = 17.0.31912.275
MinimumVisualStudioVersion = 10.0.40219.1
Project("{FAE04EC0-301F-11D3-BF4B-00C04F79EFBC}") = "MacroRecorder", "MacroRecorder\MacroRecorder.csproj", "{E943FBA4-D461-48D6-86B7-CF279DC306A7}"
EndProject
Project("{FAE04EC0-301F-11D3-BF4B-00C04F79EFBC}") = "MacroRecorder.Tests", "MacroRecorder.Tests\MacroRecorder.Tests.csproj", "{B05CA436-C872-45E3-8E4D-DEB12FE65141}"
EndProject
Global
    GlobalSection(SolutionConfigurationPlatforms) = preSolution
        Debug|Any CPU = Debug|Any CPU
        Release|Any CPU = Release|Any CPU
    EndGlobalSection
    GlobalSection(ProjectConfigurationPlatforms) = postSolution
        {E943FBA4-D461-48D6-86B7-CF279DC306A7}.Debug|Any CPU.ActiveCfg = Debug|Any CPU
        {E943FBA4-D461-48D6-86B7-CF279DC306A7}.Debug|Any CPU.Build.0 = Debug|Any CPU
        {E943FBA4-D461-48D6-86B7-CF279DC306A7}.Release|Any CPU.ActiveCfg = Release|Any CPU
        {E943FBA4-D461-48D6-86B7-CF279DC306A7}.Release|Any CPU.Build.0 = Release|Any CPU
        {B05CA436-C872-45E3-8E4D-DEB12FE65141}.Debug|Any CPU.ActiveCfg = Debug|Any CPU
        {B05CA436-C872-45E3-8E4D-DEB12FE65141}.Debug|Any CPU.Build.0 = Debug|Any CPU
        {B05CA436-C872-45E3-8E4D-DEB12FE65141}.Release|Any CPU.ActiveCfg = Release|Any CPU
        {B05CA436-C872-45E3-8E4D-DEB12FE65141}.Release|Any CPU.Build.0 = Release|Any CPU
    EndGlobalSection
    GlobalSection(SolutionProperties) = preSolution
        HideSolutionNode = FALSE
    EndGlobalSection
    GlobalSection(ExtensibilityGlobals) = postSolution
        SolutionGuid = {50DA20AA-86E8-4BA6-A8C5-9B744121B573}
    EndGlobalSection
EndGlobal
